
Microsoft Visual Studio Solution File, Format Version 11.00
# Visual Studio 2010
Project("{FAE04EC0-301F-11D3-BF4B-00C04F79EFBC}") = "Your_Character_Wants_To_Die", "Assembly-CSharp.csproj", "{FAB293E9-42C4-F271-BCD6-8A9C5B05C5CA}"
EndProject
Project("{FAE04EC0-301F-11D3-BF4B-00C04F79EFBC}") = "Your_Character_Wants_To_Die", "Assembly-CSharp-Editor.csproj", "{50CA1AFB-DE39-FA04-287E-EC2B9FFFEF66}"
EndProject
Project("{FAE04EC0-301F-11D3-BF4B-00C04F79EFBC}") = "Your_Character_Wants_To_Die", "Assembly-CSharp-Editor-firstpass.csproj", "{9A1E73C3-18C6-79CA-BD89-059BCCA764BA}"
EndProject
Global
	GlobalSection(SolutionConfigurationPlatforms) = preSolution
		Debug|Any CPU = Debug|Any CPU
		Release|Any CPU = Release|Any CPU
	EndGlobalSection
	GlobalSection(ProjectConfigurationPlatforms) = postSolution
		{FAB293E9-42C4-F271-BCD6-8A9C5B05C5CA}.Debug|Any CPU.ActiveCfg = Debug|Any CPU
		{FAB293E9-42C4-F271-BCD6-8A9C5B05C5CA}.Debug|Any CPU.Build.0 = Debug|Any CPU
		{FAB293E9-42C4-F271-BCD6-8A9C5B05C5CA}.Release|Any CPU.ActiveCfg = Release|Any CPU
		{FAB293E9-42C4-F271-BCD6-8A9C5B05C5CA}.Release|Any CPU.Build.0 = Release|Any CPU
		{50CA1AFB-DE39-FA04-287E-EC2B9FFFEF66}.Debug|Any CPU.ActiveCfg = Debug|Any CPU
		{50CA1AFB-DE39-FA04-287E-EC2B9FFFEF66}.Debug|Any CPU.Build.0 = Debug|Any CPU
		{50CA1AFB-DE39-FA04-287E-EC2B9FFFEF66}.Release|Any CPU.ActiveCfg = Release|Any CPU
		{50CA1AFB-DE39-FA04-287E-EC2B9FFFEF66}.Release|Any CPU.Build.0 = Release|Any CPU
		{9A1E73C3-18C6-79CA-BD89-059BCCA764BA}.Debug|Any CPU.ActiveCfg = Debug|Any CPU
		{9A1E73C3-18C6-79CA-BD89-059BCCA764BA}.Debug|Any CPU.Build.0 = Debug|Any CPU
		{9A1E73C3-18C6-79CA-BD89-059BCCA764BA}.Release|Any CPU.ActiveCfg = Release|Any CPU
		{9A1E73C3-18C6-79CA-BD89-059BCCA764BA}.Release|Any CPU.Build.0 = Release|Any CPU
	EndGlobalSection
	GlobalSection(SolutionProperties) = preSolution
		HideSolutionNode = FALSE
	EndGlobalSection
	GlobalSection(MonoDevelopProperties) = preSolution
		StartupItem = Assembly-CSharp.csproj
	EndGlobalSection
EndGlobal
